// !$*UTF8*$!
{
	archiveVersion = 1;
	classes = {
	};
	objectVersion = 56;
	objects = {

/* Begin PBXBuildFile section */
		BC0C58AA2B9FAED400BFB654 /* HomeView.swift in Sources */ = {isa = PBXBuildFile; fileRef = BC0C58A92B9FAED400BFB654 /* HomeView.swift */; };
		BC4953AE2B9A7BCB0055C6F0 /* StoreDetailHeaderView.swift in Sources */ = {isa = PBXBuildFile; fileRef = BC4953AD2B9A7BCB0055C6F0 /* StoreDetailHeaderView.swift */; };
		BC4953B02B9A7CD00055C6F0 /* StoreDetailProductsView.swift in Sources */ = {isa = PBXBuildFile; fileRef = BC4953AF2B9A7CD00055C6F0 /* StoreDetailProductsView.swift */; };
		BC4953B22B9A7F000055C6F0 /* StoreDetailProductItemView.swift in Sources */ = {isa = PBXBuildFile; fileRef = BC4953B12B9A7F000055C6F0 /* StoreDetailProductItemView.swift */; };
		BC4953B42B9A81BF0055C6F0 /* ProductDetailHeaderView.swift in Sources */ = {isa = PBXBuildFile; fileRef = BC4953B32B9A81BF0055C6F0 /* ProductDetailHeaderView.swift */; };
		BC4953B62B9A821D0055C6F0 /* ProductDetailQuantityView.swift in Sources */ = {isa = PBXBuildFile; fileRef = BC4953B52B9A821D0055C6F0 /* ProductDetailQuantityView.swift */; };
		BC95BF8A2B94C8D9005A715E /* ChefDeliveryApp.swift in Sources */ = {isa = PBXBuildFile; fileRef = BC95BF892B94C8D9005A715E /* ChefDeliveryApp.swift */; };
		BC95BF8C2B94C8D9005A715E /* ContentView.swift in Sources */ = {isa = PBXBuildFile; fileRef = BC95BF8B2B94C8D9005A715E /* ContentView.swift */; };
		BC95BF8E2B94C8DC005A715E /* Assets.xcassets in Resources */ = {isa = PBXBuildFile; fileRef = BC95BF8D2B94C8DC005A715E /* Assets.xcassets */; };
		BC95BF912B94C8DC005A715E /* Preview Assets.xcassets in Resources */ = {isa = PBXBuildFile; fileRef = BC95BF902B94C8DC005A715E /* Preview Assets.xcassets */; };
		BC95BF9B2B94CFC0005A715E /* NavigationBar.swift in Sources */ = {isa = PBXBuildFile; fileRef = BC95BF9A2B94CFC0005A715E /* NavigationBar.swift */; };
		BC95BF9E2B954731005A715E /* OrderTypeGridView.swift in Sources */ = {isa = PBXBuildFile; fileRef = BC95BF9D2B954731005A715E /* OrderTypeGridView.swift */; };
		BC95BFA12B954BCD005A715E /* OrderType.swift in Sources */ = {isa = PBXBuildFile; fileRef = BC95BFA02B954BCD005A715E /* OrderType.swift */; };
		BC95BFA32B954C8E005A715E /* DataSourceMock.swift in Sources */ = {isa = PBXBuildFile; fileRef = BC95BFA22B954C8E005A715E /* DataSourceMock.swift */; };
		BC95BFA52B967C39005A715E /* OrderTypeView.swift in Sources */ = {isa = PBXBuildFile; fileRef = BC95BFA42B967C39005A715E /* OrderTypeView.swift */; };
		BC95BFA82B968833005A715E /* CarouselItemView.swift in Sources */ = {isa = PBXBuildFile; fileRef = BC95BFA72B968833005A715E /* CarouselItemView.swift */; };
		BC95BFAA2B968DA9005A715E /* CarouselTabView.swift in Sources */ = {isa = PBXBuildFile; fileRef = BC95BFA92B968DA9005A715E /* CarouselTabView.swift */; };
		BC95BFAD2B9691EC005A715E /* StoreItemView.swift in Sources */ = {isa = PBXBuildFile; fileRef = BC95BFAC2B9691EC005A715E /* StoreItemView.swift */; };
		BC95BFAF2B9694E4005A715E /* StoresContainerView.swift in Sources */ = {isa = PBXBuildFile; fileRef = BC95BFAE2B9694E4005A715E /* StoresContainerView.swift */; };
		BC95BFB12B97D220005A715E /* StoreDetailView.swift in Sources */ = {isa = PBXBuildFile; fileRef = BC95BFB02B97D220005A715E /* StoreDetailView.swift */; };
		BC95BFB42B97D9A1005A715E /* StoreType.swift in Sources */ = {isa = PBXBuildFile; fileRef = BC95BFB32B97D9A1005A715E /* StoreType.swift */; };
		BC95BFB62B97D9F6005A715E /* ProductType.swift in Sources */ = {isa = PBXBuildFile; fileRef = BC95BFB52B97D9F6005A715E /* ProductType.swift */; };
		BC95BFB92B97E668005A715E /* Double+.swift in Sources */ = {isa = PBXBuildFile; fileRef = BC95BFB82B97E668005A715E /* Double+.swift */; };
		BC95BFBC2B980565005A715E /* ProductDetailView.swift in Sources */ = {isa = PBXBuildFile; fileRef = BC95BFBB2B980565005A715E /* ProductDetailView.swift */; };
		BCC6ABAE2BA3D32A007D7BD8 /* HomeService.swift in Sources */ = {isa = PBXBuildFile; fileRef = BCC6ABAD2BA3D32A007D7BD8 /* HomeService.swift */; };
/* End PBXBuildFile section */

/* Begin PBXFileReference section */
		BC0C58A92B9FAED400BFB654 /* HomeView.swift */ = {isa = PBXFileReference; lastKnownFileType = sourcecode.swift; path = HomeView.swift; sourceTree = "<group>"; };
		BC4953AD2B9A7BCB0055C6F0 /* StoreDetailHeaderView.swift */ = {isa = PBXFileReference; lastKnownFileType = sourcecode.swift; path = StoreDetailHeaderView.swift; sourceTree = "<group>"; };
		BC4953AF2B9A7CD00055C6F0 /* StoreDetailProductsView.swift */ = {isa = PBXFileReference; lastKnownFileType = sourcecode.swift; path = StoreDetailProductsView.swift; sourceTree = "<group>"; };
		BC4953B12B9A7F000055C6F0 /* StoreDetailProductItemView.swift */ = {isa = PBXFileReference; lastKnownFileType = sourcecode.swift; path = StoreDetailProductItemView.swift; sourceTree = "<group>"; };
		BC4953B32B9A81BF0055C6F0 /* ProductDetailHeaderView.swift */ = {isa = PBXFileReference; lastKnownFileType = sourcecode.swift; path = ProductDetailHeaderView.swift; sourceTree = "<group>"; };
		BC4953B52B9A821D0055C6F0 /* ProductDetailQuantityView.swift */ = {isa = PBXFileReference; lastKnownFileType = sourcecode.swift; path = ProductDetailQuantityView.swift; sourceTree = "<group>"; };
		BC95BF862B94C8D9005A715E /* ChefDelivery.app */ = {isa = PBXFileReference; explicitFileType = wrapper.application; includeInIndex = 0; path = ChefDelivery.app; sourceTree = BUILT_PRODUCTS_DIR; };
		BC95BF892B94C8D9005A715E /* ChefDeliveryApp.swift */ = {isa = PBXFileReference; lastKnownFileType = sourcecode.swift; path = ChefDeliveryApp.swift; sourceTree = "<group>"; };
		BC95BF8B2B94C8D9005A715E /* ContentView.swift */ = {isa = PBXFileReference; lastKnownFileType = sourcecode.swift; path = ContentView.swift; sourceTree = "<group>"; };
		BC95BF8D2B94C8DC005A715E /* Assets.xcassets */ = {isa = PBXFileReference; lastKnownFileType = folder.assetcatalog; path = Assets.xcassets; sourceTree = "<group>"; };
		BC95BF902B94C8DC005A715E /* Preview Assets.xcassets */ = {isa = PBXFileReference; lastKnownFileType = folder.assetcatalog; path = "Preview Assets.xcassets"; sourceTree = "<group>"; };
		BC95BF9A2B94CFC0005A715E /* NavigationBar.swift */ = {isa = PBXFileReference; lastKnownFileType = sourcecode.swift; path = NavigationBar.swift; sourceTree = "<group>"; };
		BC95BF9D2B954731005A715E /* OrderTypeGridView.swift */ = {isa = PBXFileReference; lastKnownFileType = sourcecode.swift; path = OrderTypeGridView.swift; sourceTree = "<group>"; };
		BC95BFA02B954BCD005A715E /* OrderType.swift */ = {isa = PBXFileReference; lastKnownFileType = sourcecode.swift; path = OrderType.swift; sourceTree = "<group>"; };
		BC95BFA22B954C8E005A715E /* DataSourceMock.swift */ = {isa = PBXFileReference; lastKnownFileType = sourcecode.swift; path = DataSourceMock.swift; sourceTree = "<group>"; };
		BC95BFA42B967C39005A715E /* OrderTypeView.swift */ = {isa = PBXFileReference; lastKnownFileType = sourcecode.swift; path = OrderTypeView.swift; sourceTree = "<group>"; };
		BC95BFA72B968833005A715E /* CarouselItemView.swift */ = {isa = PBXFileReference; lastKnownFileType = sourcecode.swift; path = CarouselItemView.swift; sourceTree = "<group>"; };
		BC95BFA92B968DA9005A715E /* CarouselTabView.swift */ = {isa = PBXFileReference; lastKnownFileType = sourcecode.swift; path = CarouselTabView.swift; sourceTree = "<group>"; };
		BC95BFAC2B9691EC005A715E /* StoreItemView.swift */ = {isa = PBXFileReference; lastKnownFileType = sourcecode.swift; path = StoreItemView.swift; sourceTree = "<group>"; };
		BC95BFAE2B9694E4005A715E /* StoresContainerView.swift */ = {isa = PBXFileReference; lastKnownFileType = sourcecode.swift; path = StoresContainerView.swift; sourceTree = "<group>"; };
		BC95BFB02B97D220005A715E /* StoreDetailView.swift */ = {isa = PBXFileReference; lastKnownFileType = sourcecode.swift; path = StoreDetailView.swift; sourceTree = "<group>"; };
		BC95BFB22B97D7E9005A715E /* Info.plist */ = {isa = PBXFileReference; lastKnownFileType = text.plist; path = Info.plist; sourceTree = "<group>"; };
		BC95BFB32B97D9A1005A715E /* StoreType.swift */ = {isa = PBXFileReference; lastKnownFileType = sourcecode.swift; path = StoreType.swift; sourceTree = "<group>"; };
		BC95BFB52B97D9F6005A715E /* ProductType.swift */ = {isa = PBXFileReference; lastKnownFileType = sourcecode.swift; path = ProductType.swift; sourceTree = "<group>"; };
		BC95BFB82B97E668005A715E /* Double+.swift */ = {isa = PBXFileReference; lastKnownFileType = sourcecode.swift; path = "Double+.swift"; sourceTree = "<group>"; };
		BC95BFBB2B980565005A715E /* ProductDetailView.swift */ = {isa = PBXFileReference; lastKnownFileType = sourcecode.swift; path = ProductDetailView.swift; sourceTree = "<group>"; };
		BCC6ABAD2BA3D32A007D7BD8 /* HomeService.swift */ = {isa = PBXFileReference; lastKnownFileType = sourcecode.swift; path = HomeService.swift; sourceTree = "<group>"; };
/* End PBXFileReference section */

/* Begin PBXFrameworksBuildPhase section */
		BC95BF832B94C8D9005A715E /* Frameworks */ = {
			isa = PBXFrameworksBuildPhase;
			buildActionMask = 2147483647;
			files = (
			);
			runOnlyForDeploymentPostprocessing = 0;
		};
/* End PBXFrameworksBuildPhase section */

/* Begin PBXGroup section */
		BC0C58A82B9FADA400BFB654 /* HomeView */ = {
			isa = PBXGroup;
			children = (
				BC0C58A92B9FAED400BFB654 /* HomeView.swift */,
			);
			path = HomeView;
			sourceTree = "<group>";
		};
		BC4953AC2B9A7BAC0055C6F0 /* StoreDetailView */ = {
			isa = PBXGroup;
			children = (
				BC95BFB02B97D220005A715E /* StoreDetailView.swift */,
				BC4953AD2B9A7BCB0055C6F0 /* StoreDetailHeaderView.swift */,
				BC4953AF2B9A7CD00055C6F0 /* StoreDetailProductsView.swift */,
				BC4953B12B9A7F000055C6F0 /* StoreDetailProductItemView.swift */,
			);
			path = StoreDetailView;
			sourceTree = "<group>";
		};
		BC95BF7D2B94C8D9005A715E = {
			isa = PBXGroup;
			children = (
				BC95BF882B94C8D9005A715E /* ChefDelivery */,
				BC95BF872B94C8D9005A715E /* Products */,
			);
			sourceTree = "<group>";
		};
		BC95BF872B94C8D9005A715E /* Products */ = {
			isa = PBXGroup;
			children = (
				BC95BF862B94C8D9005A715E /* ChefDelivery.app */,
			);
			name = Products;
			sourceTree = "<group>";
		};
		BC95BF882B94C8D9005A715E /* ChefDelivery */ = {
			isa = PBXGroup;
			children = (
				BC0C58A82B9FADA400BFB654 /* HomeView */,
				BC95BFB22B97D7E9005A715E /* Info.plist */,
				BC95BFB72B97E64B005A715E /* Extension */,
				BC95BF982B94CF8A005A715E /* App */,
				BC95BF9F2B954BA1005A715E /* Model */,
				BC95BF972B94CF6B005A715E /* NavigationBar */,
				BC95BF9C2B9546FD005A715E /* GridView */,
				BC95BFA62B9687E6005A715E /* CarouselView */,
				BC95BFAB2B9691D4005A715E /* StoresView */,
				BC95BFBA2B980558005A715E /* ProductView */,
				BCC6ABAC2BA3D30D007D7BD8 /* Networking */,
				BC95BF8D2B94C8DC005A715E /* Assets.xcassets */,
				BC95BF8F2B94C8DC005A715E /* Preview Content */,
			);
			path = ChefDelivery;
			sourceTree = "<group>";
		};
		BC95BF8F2B94C8DC005A715E /* Preview Content */ = {
			isa = PBXGroup;
			children = (
				BC95BF902B94C8DC005A715E /* Preview Assets.xcassets */,
			);
			path = "Preview Content";
			sourceTree = "<group>";
		};
		BC95BF972B94CF6B005A715E /* NavigationBar */ = {
			isa = PBXGroup;
			children = (
				BC95BF9A2B94CFC0005A715E /* NavigationBar.swift */,
			);
			path = NavigationBar;
			sourceTree = "<group>";
		};
		BC95BF982B94CF8A005A715E /* App */ = {
			isa = PBXGroup;
			children = (
				BC95BF892B94C8D9005A715E /* ChefDeliveryApp.swift */,
				BC95BF8B2B94C8D9005A715E /* ContentView.swift */,
			);
			path = App;
			sourceTree = "<group>";
		};
		BC95BF9C2B9546FD005A715E /* GridView */ = {
			isa = PBXGroup;
			children = (
				BC95BF9D2B954731005A715E /* OrderTypeGridView.swift */,
				BC95BFA42B967C39005A715E /* OrderTypeView.swift */,
			);
			path = GridView;
			sourceTree = "<group>";
		};
		BC95BF9F2B954BA1005A715E /* Model */ = {
			isa = PBXGroup;
			children = (
				BC95BFA22B954C8E005A715E /* DataSourceMock.swift */,
				BC95BFA02B954BCD005A715E /* OrderType.swift */,
				BC95BFB32B97D9A1005A715E /* StoreType.swift */,
				BC95BFB52B97D9F6005A715E /* ProductType.swift */,
			);
			path = Model;
			sourceTree = "<group>";
		};
		BC95BFA62B9687E6005A715E /* CarouselView */ = {
			isa = PBXGroup;
			children = (
				BC95BFA72B968833005A715E /* CarouselItemView.swift */,
				BC95BFA92B968DA9005A715E /* CarouselTabView.swift */,
			);
			path = CarouselView;
			sourceTree = "<group>";
		};
		BC95BFAB2B9691D4005A715E /* StoresView */ = {
			isa = PBXGroup;
			children = (
				BC4953AC2B9A7BAC0055C6F0 /* StoreDetailView */,
				BC95BFAC2B9691EC005A715E /* StoreItemView.swift */,
				BC95BFAE2B9694E4005A715E /* StoresContainerView.swift */,
			);
			path = StoresView;
			sourceTree = "<group>";
		};
		BC95BFB72B97E64B005A715E /* Extension */ = {
			isa = PBXGroup;
			children = (
				BC95BFB82B97E668005A715E /* Double+.swift */,
			);
			path = Extension;
			sourceTree = "<group>";
		};
		BC95BFBA2B980558005A715E /* ProductView */ = {
			isa = PBXGroup;
			children = (
				BC95BFBB2B980565005A715E /* ProductDetailView.swift */,
				BC4953B32B9A81BF0055C6F0 /* ProductDetailHeaderView.swift */,
				BC4953B52B9A821D0055C6F0 /* ProductDetailQuantityView.swift */,
			);
			path = ProductView;
			sourceTree = "<group>";
		};
		BCC6ABAC2BA3D30D007D7BD8 /* Networking */ = {
			isa = PBXGroup;
			children = (
				BCC6ABAD2BA3D32A007D7BD8 /* HomeService.swift */,
			);
			path = Networking;
			sourceTree = "<group>";
		};
/* End PBXGroup section */

/* Begin PBXNativeTarget section */
		BC95BF852B94C8D9005A715E /* ChefDelivery */ = {
			isa = PBXNativeTarget;
			buildConfigurationList = BC95BF942B94C8DC005A715E /* Build configuration list for PBXNativeTarget "ChefDelivery" */;
			buildPhases = (
				BC95BF822B94C8D9005A715E /* Sources */,
				BC95BF832B94C8D9005A715E /* Frameworks */,
				BC95BF842B94C8D9005A715E /* Resources */,
			);
			buildRules = (
			);
			dependencies = (
			);
			name = ChefDelivery;
			productName = ChefDelivery;
			productReference = BC95BF862B94C8D9005A715E /* ChefDelivery.app */;
			productType = "com.apple.product-type.application";
		};
/* End PBXNativeTarget section */

/* Begin PBXProject section */
		BC95BF7E2B94C8D9005A715E /* Project object */ = {
			isa = PBXProject;
			attributes = {
				BuildIndependentTargetsInParallel = 1;
				LastSwiftUpdateCheck = 1520;
				LastUpgradeCheck = 1520;
				TargetAttributes = {
					BC95BF852B94C8D9005A715E = {
						CreatedOnToolsVersion = 15.2;
					};
				};
			};
			buildConfigurationList = BC95BF812B94C8D9005A715E /* Build configuration list for PBXProject "ChefDelivery" */;
			compatibilityVersion = "Xcode 14.0";
			developmentRegion = en;
			hasScannedForEncodings = 0;
			knownRegions = (
				en,
				Base,
			);
			mainGroup = BC95BF7D2B94C8D9005A715E;
			productRefGroup = BC95BF872B94C8D9005A715E /* Products */;
			projectDirPath = "";
			projectRoot = "";
			targets = (
				BC95BF852B94C8D9005A715E /* ChefDelivery */,
			);
		};
/* End PBXProject section */

/* Begin PBXResourcesBuildPhase section */
		BC95BF842B94C8D9005A715E /* Resources */ = {
			isa = PBXResourcesBuildPhase;
			buildActionMask = 2147483647;
			files = (
				BC95BF912B94C8DC005A715E /* Preview Assets.xcassets in Resources */,
				BC95BF8E2B94C8DC005A715E /* Assets.xcassets in Resources */,
			);
			runOnlyForDeploymentPostprocessing = 0;
		};
/* End PBXResourcesBuildPhase section */

/* Begin PBXSourcesBuildPhase section */
		BC95BF822B94C8D9005A715E /* Sources */ = {
			isa = PBXSourcesBuildPhase;
			buildActionMask = 2147483647;
			files = (
				BC4953B42B9A81BF0055C6F0 /* ProductDetailHeaderView.swift in Sources */,
				BC95BFA12B954BCD005A715E /* OrderType.swift in Sources */,
				BC95BFBC2B980565005A715E /* ProductDetailView.swift in Sources */,
				BC95BFB62B97D9F6005A715E /* ProductType.swift in Sources */,
				BC95BFA82B968833005A715E /* CarouselItemView.swift in Sources */,
				BC0C58AA2B9FAED400BFB654 /* HomeView.swift in Sources */,
				BC95BF8C2B94C8D9005A715E /* ContentView.swift in Sources */,
				BC4953B62B9A821D0055C6F0 /* ProductDetailQuantityView.swift in Sources */,
				BC95BFB92B97E668005A715E /* Double+.swift in Sources */,
				BC95BFA32B954C8E005A715E /* DataSourceMock.swift in Sources */,
				BC95BFAF2B9694E4005A715E /* StoresContainerView.swift in Sources */,
				BC95BFA52B967C39005A715E /* OrderTypeView.swift in Sources */,
				BC95BFAD2B9691EC005A715E /* StoreItemView.swift in Sources */,
				BC95BFB12B97D220005A715E /* StoreDetailView.swift in Sources */,
				BC95BF9E2B954731005A715E /* OrderTypeGridView.swift in Sources */,
				BC95BF8A2B94C8D9005A715E /* ChefDeliveryApp.swift in Sources */,
				BC95BF9B2B94CFC0005A715E /* NavigationBar.swift in Sources */,
				BC95BFB42B97D9A1005A715E /* StoreType.swift in Sources */,
				BCC6ABAE2BA3D32A007D7BD8 /* HomeService.swift in Sources */,
				BC4953B02B9A7CD00055C6F0 /* StoreDetailProductsView.swift in Sources */,
				BC95BFAA2B968DA9005A715E /* CarouselTabView.swift in Sources */,
				BC4953B22B9A7F000055C6F0 /* StoreDetailProductItemView.swift in Sources */,
				BC4953AE2B9A7BCB0055C6F0 /* StoreDetailHeaderView.swift in Sources */,
			);
			runOnlyForDeploymentPostprocessing = 0;
		};
/* End PBXSourcesBuildPhase section */

/* Begin XCBuildConfiguration section */
		BC95BF922B94C8DC005A715E /* Debug */ = {
			isa = XCBuildConfiguration;
			buildSettings = {
				ALWAYS_SEARCH_USER_PATHS = NO;
				ASSETCATALOG_COMPILER_GENERATE_SWIFT_ASSET_SYMBOL_EXTENSIONS = YES;
				CLANG_ANALYZER_NONNULL = YES;
				CLANG_ANALYZER_NUMBER_OBJECT_CONVERSION = YES_AGGRESSIVE;
				CLANG_CXX_LANGUAGE_STANDARD = "gnu++20";
				CLANG_ENABLE_MODULES = YES;
				CLANG_ENABLE_OBJC_ARC = YES;
				CLANG_ENABLE_OBJC_WEAK = YES;
				CLANG_WARN_BLOCK_CAPTURE_AUTORELEASING = YES;
				CLANG_WARN_BOOL_CONVERSION = YES;
				CLANG_WARN_COMMA = YES;
				CLANG_WARN_CONSTANT_CONVERSION = YES;
				CLANG_WARN_DEPRECATED_OBJC_IMPLEMENTATIONS = YES;
				CLANG_WARN_DIRECT_OBJC_ISA_USAGE = YES_ERROR;
				CLANG_WARN_DOCUMENTATION_COMMENTS = YES;
				CLANG_WARN_EMPTY_BODY = YES;
				CLANG_WARN_ENUM_CONVERSION = YES;
				CLANG_WARN_INFINITE_RECURSION = YES;
				CLANG_WARN_INT_CONVERSION = YES;
				CLANG_WARN_NON_LITERAL_NULL_CONVERSION = YES;
				CLANG_WARN_OBJC_IMPLICIT_RETAIN_SELF = YES;
				CLANG_WARN_OBJC_LITERAL_CONVERSION = YES;
				CLANG_WARN_OBJC_ROOT_CLASS = YES_ERROR;
				CLANG_WARN_QUOTED_INCLUDE_IN_FRAMEWORK_HEADER = YES;
				CLANG_WARN_RANGE_LOOP_ANALYSIS = YES;
				CLANG_WARN_STRICT_PROTOTYPES = YES;
				CLANG_WARN_SUSPICIOUS_MOVE = YES;
				CLANG_WARN_UNGUARDED_AVAILABILITY = YES_AGGRESSIVE;
				CLANG_WARN_UNREACHABLE_CODE = YES;
				CLANG_WARN__DUPLICATE_METHOD_MATCH = YES;
				COPY_PHASE_STRIP = NO;
				DEBUG_INFORMATION_FORMAT = dwarf;
				ENABLE_STRICT_OBJC_MSGSEND = YES;
				ENABLE_TESTABILITY = YES;
				ENABLE_USER_SCRIPT_SANDBOXING = YES;
				GCC_C_LANGUAGE_STANDARD = gnu17;
				GCC_DYNAMIC_NO_PIC = NO;
				GCC_NO_COMMON_BLOCKS = YES;
				GCC_OPTIMIZATION_LEVEL = 0;
				GCC_PREPROCESSOR_DEFINITIONS = (
					"DEBUG=1",
					"$(inherited)",
				);
				GCC_WARN_64_TO_32_BIT_CONVERSION = YES;
				GCC_WARN_ABOUT_RETURN_TYPE = YES_ERROR;
				GCC_WARN_UNDECLARED_SELECTOR = YES;
				GCC_WARN_UNINITIALIZED_AUTOS = YES_AGGRESSIVE;
				GCC_WARN_UNUSED_FUNCTION = YES;
				GCC_WARN_UNUSED_VARIABLE = YES;
				IPHONEOS_DEPLOYMENT_TARGET = 17.2;
				LOCALIZATION_PREFERS_STRING_CATALOGS = YES;
				MTL_ENABLE_DEBUG_INFO = INCLUDE_SOURCE;
				MTL_FAST_MATH = YES;
				ONLY_ACTIVE_ARCH = YES;
				SDKROOT = iphoneos;
				SWIFT_ACTIVE_COMPILATION_CONDITIONS = "DEBUG $(inherited)";
				SWIFT_OPTIMIZATION_LEVEL = "-Onone";
			};
			name = Debug;
		};
		BC95BF932B94C8DC005A715E /* Release */ = {
			isa = XCBuildConfiguration;
			buildSettings = {
				ALWAYS_SEARCH_USER_PATHS = NO;
				ASSETCATALOG_COMPILER_GENERATE_SWIFT_ASSET_SYMBOL_EXTENSIONS = YES;
				CLANG_ANALYZER_NONNULL = YES;
				CLANG_ANALYZER_NUMBER_OBJECT_CONVERSION = YES_AGGRESSIVE;
				CLANG_CXX_LANGUAGE_STANDARD = "gnu++20";
				CLANG_ENABLE_MODULES = YES;
				CLANG_ENABLE_OBJC_ARC = YES;
				CLANG_ENABLE_OBJC_WEAK = YES;
				CLANG_WARN_BLOCK_CAPTURE_AUTORELEASING = YES;
				CLANG_WARN_BOOL_CONVERSION = YES;
				CLANG_WARN_COMMA = YES;
				CLANG_WARN_CONSTANT_CONVERSION = YES;
				CLANG_WARN_DEPRECATED_OBJC_IMPLEMENTATIONS = YES;
				CLANG_WARN_DIRECT_OBJC_ISA_USAGE = YES_ERROR;
				CLANG_WARN_DOCUMENTATION_COMMENTS = YES;
				CLANG_WARN_EMPTY_BODY = YES;
				CLANG_WARN_ENUM_CONVERSION = YES;
				CLANG_WARN_INFINITE_RECURSION = YES;
				CLANG_WARN_INT_CONVERSION = YES;
				CLANG_WARN_NON_LITERAL_NULL_CONVERSION = YES;
				CLANG_WARN_OBJC_IMPLICIT_RETAIN_SELF = YES;
				CLANG_WARN_OBJC_LITERAL_CONVERSION = YES;
				CLANG_WARN_OBJC_ROOT_CLASS = YES_ERROR;
				CLANG_WARN_QUOTED_INCLUDE_IN_FRAMEWORK_HEADER = YES;
				CLANG_WARN_RANGE_LOOP_ANALYSIS = YES;
				CLANG_WARN_STRICT_PROTOTYPES = YES;
				CLANG_WARN_SUSPICIOUS_MOVE = YES;
				CLANG_WARN_UNGUARDED_AVAILABILITY = YES_AGGRESSIVE;
				CLANG_WARN_UNREACHABLE_CODE = YES;
				CLANG_WARN__DUPLICATE_METHOD_MATCH = YES;
				COPY_PHASE_STRIP = NO;
				DEBUG_INFORMATION_FORMAT = "dwarf-with-dsym";
				ENABLE_NS_ASSERTIONS = NO;
				ENABLE_STRICT_OBJC_MSGSEND = YES;
				ENABLE_USER_SCRIPT_SANDBOXING = YES;
				GCC_C_LANGUAGE_STANDARD = gnu17;
				GCC_NO_COMMON_BLOCKS = YES;
				GCC_WARN_64_TO_32_BIT_CONVERSION = YES;
				GCC_WARN_ABOUT_RETURN_TYPE = YES_ERROR;
				GCC_WARN_UNDECLARED_SELECTOR = YES;
				GCC_WARN_UNINITIALIZED_AUTOS = YES_AGGRESSIVE;
				GCC_WARN_UNUSED_FUNCTION = YES;
				GCC_WARN_UNUSED_VARIABLE = YES;
				IPHONEOS_DEPLOYMENT_TARGET = 17.2;
				LOCALIZATION_PREFERS_STRING_CATALOGS = YES;
				MTL_ENABLE_DEBUG_INFO = NO;
				MTL_FAST_MATH = YES;
				SDKROOT = iphoneos;
				SWIFT_COMPILATION_MODE = wholemodule;
				VALIDATE_PRODUCT = YES;
			};
			name = Release;
		};
		BC95BF952B94C8DC005A715E /* Debug */ = {
			isa = XCBuildConfiguration;
			buildSettings = {
				ASSETCATALOG_COMPILER_APPICON_NAME = AppIcon;
				ASSETCATALOG_COMPILER_GLOBAL_ACCENT_COLOR_NAME = AccentColor;
				CODE_SIGN_STYLE = Automatic;
				CURRENT_PROJECT_VERSION = 1;
				DEVELOPMENT_ASSET_PATHS = "\"ChefDelivery/Preview Content\"";
				DEVELOPMENT_TEAM = PW48G2RABM;
				ENABLE_PREVIEWS = YES;
				GENERATE_INFOPLIST_FILE = YES;
				INFOPLIST_FILE = ChefDelivery/Info.plist;
				INFOPLIST_KEY_UIApplicationSceneManifest_Generation = YES;
				INFOPLIST_KEY_UIApplicationSupportsIndirectInputEvents = YES;
				INFOPLIST_KEY_UILaunchScreen_Generation = YES;
				INFOPLIST_KEY_UIStatusBarStyle = "";
				INFOPLIST_KEY_UISupportedInterfaceOrientations = UIInterfaceOrientationPortrait;
				INFOPLIST_KEY_UISupportedInterfaceOrientations_iPad = "UIInterfaceOrientationLandscapeLeft UIInterfaceOrientationLandscapeRight UIInterfaceOrientationPortrait UIInterfaceOrientationPortraitUpsideDown";
				INFOPLIST_KEY_UIUserInterfaceStyle = Light;
				LD_RUNPATH_SEARCH_PATHS = (
					"$(inherited)",
					"@executable_path/Frameworks",
				);
				MARKETING_VERSION = 1.0;
				PRODUCT_BUNDLE_IDENTIFIER = com.adrianovalumin.ChefDelivery;
				PRODUCT_NAME = "$(TARGET_NAME)";
				SWIFT_EMIT_LOC_STRINGS = YES;
				SWIFT_VERSION = 5.0;
				TARGETED_DEVICE_FAMILY = "1,2";
			};
			name = Debug;
		};
		BC95BF962B94C8DC005A715E /* Release */ = {
			isa = XCBuildConfiguration;
			buildSettings = {
				ASSETCATALOG_COMPILER_APPICON_NAME = AppIcon;
				ASSETCATALOG_COMPILER_GLOBAL_ACCENT_COLOR_NAME = AccentColor;
				CODE_SIGN_STYLE = Automatic;
				CURRENT_PROJECT_VERSION = 1;
				DEVELOPMENT_ASSET_PATHS = "\"ChefDelivery/Preview Content\"";
				DEVELOPMENT_TEAM = PW48G2RABM;
				ENABLE_PREVIEWS = YES;
				GENERATE_INFOPLIST_FILE = YES;
				INFOPLIST_FILE = ChefDelivery/Info.plist;
				INFOPLIST_KEY_UIApplicationSceneManifest_Generation = YES;
				INFOPLIST_KEY_UIApplicationSupportsIndirectInputEvents = YES;
				INFOPLIST_KEY_UILaunchScreen_Generation = YES;
				INFOPLIST_KEY_UIStatusBarStyle = "";
				INFOPLIST_KEY_UISupportedInterfaceOrientations = UIInterfaceOrientationPortrait;
				INFOPLIST_KEY_UISupportedInterfaceOrientations_iPad = "UIInterfaceOrientationLandscapeLeft UIInterfaceOrientationLandscapeRight UIInterfaceOrientationPortrait UIInterfaceOrientationPortraitUpsideDown";
				INFOPLIST_KEY_UIUserInterfaceStyle = Light;
				LD_RUNPATH_SEARCH_PATHS = (
					"$(inherited)",
					"@executable_path/Frameworks",
				);
				MARKETING_VERSION = 1.0;
				PRODUCT_BUNDLE_IDENTIFIER = com.adrianovalumin.ChefDelivery;
				PRODUCT_NAME = "$(TARGET_NAME)";
				SWIFT_EMIT_LOC_STRINGS = YES;
				SWIFT_VERSION = 5.0;
				TARGETED_DEVICE_FAMILY = "1,2";
			};
			name = Release;
		};
/* End XCBuildConfiguration section */

/* Begin XCConfigurationList section */
		BC95BF812B94C8D9005A715E /* Build configuration list for PBXProject "ChefDelivery" */ = {
			isa = XCConfigurationList;
			buildConfigurations = (
				BC95BF922B94C8DC005A715E /* Debug */,
				BC95BF932B94C8DC005A715E /* Release */,
			);
			defaultConfigurationIsVisible = 0;
			defaultConfigurationName = Release;
		};
		BC95BF942B94C8DC005A715E /* Build configuration list for PBXNativeTarget "ChefDelivery" */ = {
			isa = XCConfigurationList;
			buildConfigurations = (
				BC95BF952B94C8DC005A715E /* Debug */,
				BC95BF962B94C8DC005A715E /* Release */,
			);
			defaultConfigurationIsVisible = 0;
			defaultConfigurationName = Release;
		};
/* End XCConfigurationList section */
	};
	rootObject = BC95BF7E2B94C8D9005A715E /* Project object */;
}
